
Microsoft Visual Studio Solution File, Format Version 12.00
# Visual Studio 2012
Project("{FAE04EC0-301F-11D3-BF4B-00C04F79EFBC}") = "AccountCreation", "AccountCreation\AccountCreation.csproj", "{CC943635-58A1-4FCF-AAE9-C6C089552F6F}"
EndProject
Project("{FAE04EC0-301F-11D3-BF4B-00C04F79EFBC}") = "BookStore", "..\Book_Store\Book\BookStore.csproj", "{55E446D3-3A7B-4705-A06A-9DE689D24392}"
EndProject
Project("{FAE04EC0-301F-11D3-BF4B-00C04F79EFBC}") = "FindNoOfDays", "..\BasicTest2\FindNoOfDays\FindNoOfDays.csproj", "{FBD9E206-C44C-48D9-8965-7BB15CCD1ABE}"
EndProject
Project("{FAE04EC0-301F-11D3-BF4B-00C04F79EFBC}") = "filereader", "filereader\filereader.csproj", "{BBA686EA-D17D-4733-837A-F38A9B592F77}"
EndProject
Project("{FAE04EC0-301F-11D3-BF4B-00C04F79EFBC}") = "AccountCreationTest", "AccountCreationTest\AccountCreationTest.csproj", "{C10CBFCE-2E5D-43E7-A8E4-34B03D0AD324}"
EndProject
Global
	GlobalSection(SolutionConfigurationPlatforms) = preSolution
		Debug|Any CPU = Debug|Any CPU
		Release|Any CPU = Release|Any CPU
	EndGlobalSection
	GlobalSection(ProjectConfigurationPlatforms) = postSolution
		{CC943635-58A1-4FCF-AAE9-C6C089552F6F}.Debug|Any CPU.ActiveCfg = Debug|Any CPU
		{CC943635-58A1-4FCF-AAE9-C6C089552F6F}.Debug|Any CPU.Build.0 = Debug|Any CPU
		{CC943635-58A1-4FCF-AAE9-C6C089552F6F}.Release|Any CPU.ActiveCfg = Release|Any CPU
		{CC943635-58A1-4FCF-AAE9-C6C089552F6F}.Release|Any CPU.Build.0 = Release|Any CPU
		{55E446D3-3A7B-4705-A06A-9DE689D24392}.Debug|Any CPU.ActiveCfg = Debug|Any CPU
		{55E446D3-3A7B-4705-A06A-9DE689D24392}.Debug|Any CPU.Build.0 = Debug|Any CPU
		{55E446D3-3A7B-4705-A06A-9DE689D24392}.Release|Any CPU.ActiveCfg = Release|Any CPU
		{55E446D3-3A7B-4705-A06A-9DE689D24392}.Release|Any CPU.Build.0 = Release|Any CPU
		{FBD9E206-C44C-48D9-8965-7BB15CCD1ABE}.Debug|Any CPU.ActiveCfg = Debug|Any CPU
		{FBD9E206-C44C-48D9-8965-7BB15CCD1ABE}.Debug|Any CPU.Build.0 = Debug|Any CPU
		{FBD9E206-C44C-48D9-8965-7BB15CCD1ABE}.Release|Any CPU.ActiveCfg = Release|Any CPU
		{FBD9E206-C44C-48D9-8965-7BB15CCD1ABE}.Release|Any CPU.Build.0 = Release|Any CPU
		{BBA686EA-D17D-4733-837A-F38A9B592F77}.Debug|Any CPU.ActiveCfg = Debug|Any CPU
		{BBA686EA-D17D-4733-837A-F38A9B592F77}.Debug|Any CPU.Build.0 = Debug|Any CPU
		{BBA686EA-D17D-4733-837A-F38A9B592F77}.Release|Any CPU.ActiveCfg = Release|Any CPU
		{BBA686EA-D17D-4733-837A-F38A9B592F77}.Release|Any CPU.Build.0 = Release|Any CPU
		{C10CBFCE-2E5D-43E7-A8E4-34B03D0AD324}.Debug|Any CPU.ActiveCfg = Debug|Any CPU
		{C10CBFCE-2E5D-43E7-A8E4-34B03D0AD324}.Debug|Any CPU.Build.0 = Debug|Any CPU
		{C10CBFCE-2E5D-43E7-A8E4-34B03D0AD324}.Release|Any CPU.ActiveCfg = Release|Any CPU
		{C10CBFCE-2E5D-43E7-A8E4-34B03D0AD324}.Release|Any CPU.Build.0 = Release|Any CPU
	EndGlobalSection
	GlobalSection(SolutionProperties) = preSolution
		HideSolutionNode = FALSE
	EndGlobalSection
EndGlobal
